// !$*UTF8*$!
{
	archiveVersion = 1;
	classes = {
	};
	objectVersion = 56;
	objects = {

/* Begin PBXBuildFile section */
		7E049F1229893C6B006E5B07 /* FavoriteViewModel.swift in Sources */ = {isa = PBXBuildFile; fileRef = 7E049F1129893C6B006E5B07 /* FavoriteViewModel.swift */; };
		7E049F18298A8F39006E5B07 /* ListViewModel.swift in Sources */ = {isa = PBXBuildFile; fileRef = 7E049F17298A8F39006E5B07 /* ListViewModel.swift */; };
		7E049F1A298A8FA6006E5B07 /* ListViewController.swift in Sources */ = {isa = PBXBuildFile; fileRef = 7E049F19298A8FA6006E5B07 /* ListViewController.swift */; };
		7E049F1C298A921A006E5B07 /* FavoriteTableViewCell.swift in Sources */ = {isa = PBXBuildFile; fileRef = 7E049F1B298A921A006E5B07 /* FavoriteTableViewCell.swift */; };
		7E049F1E298BE254006E5B07 /* ListCollectionViewCell.swift in Sources */ = {isa = PBXBuildFile; fileRef = 7E049F1D298BE254006E5B07 /* ListCollectionViewCell.swift */; };
		7E049F20298F7624006E5B07 /* DetailViewController.swift in Sources */ = {isa = PBXBuildFile; fileRef = 7E049F1F298F7624006E5B07 /* DetailViewController.swift */; };
		7E049F22298FA216006E5B07 /* ColorSet.swift in Sources */ = {isa = PBXBuildFile; fileRef = 7E049F21298FA216006E5B07 /* ColorSet.swift */; };
		7E65104B29815C1E00854B29 /* AppDelegate.swift in Sources */ = {isa = PBXBuildFile; fileRef = 7E65104A29815C1E00854B29 /* AppDelegate.swift */; };
		7E65104F29815C1E00854B29 /* MainViewController.swift in Sources */ = {isa = PBXBuildFile; fileRef = 7E65104E29815C1E00854B29 /* MainViewController.swift */; };
		7E65105429815C1F00854B29 /* Assets.xcassets in Resources */ = {isa = PBXBuildFile; fileRef = 7E65105329815C1F00854B29 /* Assets.xcassets */; };
		7E65105729815C1F00854B29 /* LaunchScreen.storyboard in Resources */ = {isa = PBXBuildFile; fileRef = 7E65105529815C1F00854B29 /* LaunchScreen.storyboard */; };
		7E65106029815D6D00854B29 /* SnapKit in Frameworks */ = {isa = PBXBuildFile; productRef = 7E65105F29815D6D00854B29 /* SnapKit */; };
		7E65106E29815F4C00854B29 /* Services.swift in Sources */ = {isa = PBXBuildFile; fileRef = 7E65106D29815F4C00854B29 /* Services.swift */; };
		7E7364C1298666180007327D /* NavigationViewController.swift in Sources */ = {isa = PBXBuildFile; fileRef = 7E7364C0298666180007327D /* NavigationViewController.swift */; };
		7E7364C729866BAE0007327D /* FavoriteViewController.swift in Sources */ = {isa = PBXBuildFile; fileRef = 7E7364C629866BAE0007327D /* FavoriteViewController.swift */; };
		7E7EDB2C2981656B00C342FC /* PokeEntity.swift in Sources */ = {isa = PBXBuildFile; fileRef = 7E7EDB2B2981656B00C342FC /* PokeEntity.swift */; };
		7EA3D70E2984E48C00FB6AAA /* SceneDelegate.swift in Sources */ = {isa = PBXBuildFile; fileRef = 7EA3D70D2984E48B00FB6AAA /* SceneDelegate.swift */; };
		7EBE01B42984190700E8F158 /* list.json in Resources */ = {isa = PBXBuildFile; fileRef = 7EBE01B32984190700E8F158 /* list.json */; };
		7EBE01B62984B8F900E8F158 /* type.json in Resources */ = {isa = PBXBuildFile; fileRef = 7EBE01B52984B8F900E8F158 /* type.json */; };
		7EBE01BC2984C1E400E8F158 /* typeImge.json in Resources */ = {isa = PBXBuildFile; fileRef = 7EBE01B72984C1E400E8F158 /* typeImge.json */; };
		7EBE01BD2984C1E400E8F158 /* evo.json in Resources */ = {isa = PBXBuildFile; fileRef = 7EBE01B82984C1E400E8F158 /* evo.json */; };
		7EBE01BE2984C1E400E8F158 /* pokeUp.json in Resources */ = {isa = PBXBuildFile; fileRef = 7EBE01B92984C1E400E8F158 /* pokeUp.json */; };
		7EBE01C22984CBE700E8F158 /* TypeEntity.swift in Sources */ = {isa = PBXBuildFile; fileRef = 7EBE01C12984CBE700E8F158 /* TypeEntity.swift */; };
		7EBE01C42984CCB300E8F158 /* TypeImagegeEntity.swift in Sources */ = {isa = PBXBuildFile; fileRef = 7EBE01C32984CCB300E8F158 /* TypeImagegeEntity.swift */; };
		7EBE01CB2984CDEB00E8F158 /* Context.swift in Sources */ = {isa = PBXBuildFile; fileRef = 7EBE01CA2984CDEB00E8F158 /* Context.swift */; };
		7EBE01CD2984D32100E8F158 /* PokeRepository.swift in Sources */ = {isa = PBXBuildFile; fileRef = 7EBE01CC2984D32100E8F158 /* PokeRepository.swift */; };
		7EBE01CF2984D32C00E8F158 /* TypeRepository.swift in Sources */ = {isa = PBXBuildFile; fileRef = 7EBE01CE2984D32C00E8F158 /* TypeRepository.swift */; };
		7EF48B572984FEAF002D2FEA /* TypeImageRepository.swift in Sources */ = {isa = PBXBuildFile; fileRef = 7EF48B562984FEAF002D2FEA /* TypeImageRepository.swift */; };
		7EF48B5929855242002D2FEA /* UITextField+addPadding.swift in Sources */ = {isa = PBXBuildFile; fileRef = 7EF48B5829855242002D2FEA /* UITextField+addPadding.swift */; };
		7EF48B5C29855727002D2FEA /* TabBarViewController.swift in Sources */ = {isa = PBXBuildFile; fileRef = 7EF48B5B29855727002D2FEA /* TabBarViewController.swift */; };
		7EF48B6029860ABA002D2FEA /* FloatTextField.swift in Sources */ = {isa = PBXBuildFile; fileRef = 7EF48B5F29860ABA002D2FEA /* FloatTextField.swift */; };
/* End PBXBuildFile section */

/* Begin PBXFileReference section */
		7E049F1129893C6B006E5B07 /* FavoriteViewModel.swift */ = {isa = PBXFileReference; lastKnownFileType = sourcecode.swift; path = FavoriteViewModel.swift; sourceTree = "<group>"; };
		7E049F17298A8F39006E5B07 /* ListViewModel.swift */ = {isa = PBXFileReference; lastKnownFileType = sourcecode.swift; path = ListViewModel.swift; sourceTree = "<group>"; };
		7E049F19298A8FA6006E5B07 /* ListViewController.swift */ = {isa = PBXFileReference; lastKnownFileType = sourcecode.swift; path = ListViewController.swift; sourceTree = "<group>"; };
		7E049F1B298A921A006E5B07 /* FavoriteTableViewCell.swift */ = {isa = PBXFileReference; lastKnownFileType = sourcecode.swift; path = FavoriteTableViewCell.swift; sourceTree = "<group>"; };
		7E049F1D298BE254006E5B07 /* ListCollectionViewCell.swift */ = {isa = PBXFileReference; lastKnownFileType = sourcecode.swift; path = ListCollectionViewCell.swift; sourceTree = "<group>"; };
		7E049F1F298F7624006E5B07 /* DetailViewController.swift */ = {isa = PBXFileReference; lastKnownFileType = sourcecode.swift; path = DetailViewController.swift; sourceTree = "<group>"; };
		7E049F21298FA216006E5B07 /* ColorSet.swift */ = {isa = PBXFileReference; lastKnownFileType = sourcecode.swift; path = ColorSet.swift; sourceTree = "<group>"; };
		7E65104729815C1E00854B29 /* pokeDex_clone.app */ = {isa = PBXFileReference; explicitFileType = wrapper.application; includeInIndex = 0; path = pokeDex_clone.app; sourceTree = BUILT_PRODUCTS_DIR; };
		7E65104A29815C1E00854B29 /* AppDelegate.swift */ = {isa = PBXFileReference; lastKnownFileType = sourcecode.swift; path = AppDelegate.swift; sourceTree = "<group>"; };
		7E65104E29815C1E00854B29 /* MainViewController.swift */ = {isa = PBXFileReference; lastKnownFileType = sourcecode.swift; path = MainViewController.swift; sourceTree = "<group>"; };
		7E65105329815C1F00854B29 /* Assets.xcassets */ = {isa = PBXFileReference; lastKnownFileType = folder.assetcatalog; path = Assets.xcassets; sourceTree = "<group>"; };
		7E65105629815C1F00854B29 /* Base */ = {isa = PBXFileReference; lastKnownFileType = file.storyboard; name = Base; path = Base.lproj/LaunchScreen.storyboard; sourceTree = "<group>"; };
		7E65105829815C1F00854B29 /* Info.plist */ = {isa = PBXFileReference; lastKnownFileType = text.plist.xml; path = Info.plist; sourceTree = "<group>"; };
		7E65106D29815F4C00854B29 /* Services.swift */ = {isa = PBXFileReference; lastKnownFileType = sourcecode.swift; path = Services.swift; sourceTree = "<group>"; };
		7E7364C0298666180007327D /* NavigationViewController.swift */ = {isa = PBXFileReference; lastKnownFileType = sourcecode.swift; path = NavigationViewController.swift; sourceTree = "<group>"; };
		7E7364C629866BAE0007327D /* FavoriteViewController.swift */ = {isa = PBXFileReference; lastKnownFileType = sourcecode.swift; path = FavoriteViewController.swift; sourceTree = "<group>"; };
		7E7EDB2A298164A300C342FC /* README.md */ = {isa = PBXFileReference; lastKnownFileType = net.daringfireball.markdown; path = README.md; sourceTree = "<group>"; };
		7E7EDB2B2981656B00C342FC /* PokeEntity.swift */ = {isa = PBXFileReference; lastKnownFileType = sourcecode.swift; path = PokeEntity.swift; sourceTree = "<group>"; };
		7EA3D70D2984E48B00FB6AAA /* SceneDelegate.swift */ = {isa = PBXFileReference; fileEncoding = 4; lastKnownFileType = sourcecode.swift; path = SceneDelegate.swift; sourceTree = "<group>"; };
		7EBE01B32984190700E8F158 /* list.json */ = {isa = PBXFileReference; fileEncoding = 4; lastKnownFileType = text.json; path = list.json; sourceTree = "<group>"; };
		7EBE01B52984B8F900E8F158 /* type.json */ = {isa = PBXFileReference; fileEncoding = 4; lastKnownFileType = text.json; path = type.json; sourceTree = "<group>"; };
		7EBE01B72984C1E400E8F158 /* typeImge.json */ = {isa = PBXFileReference; fileEncoding = 4; lastKnownFileType = text.json; path = typeImge.json; sourceTree = "<group>"; };
		7EBE01B82984C1E400E8F158 /* evo.json */ = {isa = PBXFileReference; fileEncoding = 4; lastKnownFileType = text.json; path = evo.json; sourceTree = "<group>"; };
		7EBE01B92984C1E400E8F158 /* pokeUp.json */ = {isa = PBXFileReference; fileEncoding = 4; lastKnownFileType = text.json; path = pokeUp.json; sourceTree = "<group>"; };
		7EBE01C12984CBE700E8F158 /* TypeEntity.swift */ = {isa = PBXFileReference; lastKnownFileType = sourcecode.swift; path = TypeEntity.swift; sourceTree = "<group>"; };
		7EBE01C32984CCB300E8F158 /* TypeImagegeEntity.swift */ = {isa = PBXFileReference; lastKnownFileType = sourcecode.swift; path = TypeImagegeEntity.swift; sourceTree = "<group>"; };
		7EBE01CA2984CDEB00E8F158 /* Context.swift */ = {isa = PBXFileReference; lastKnownFileType = sourcecode.swift; path = Context.swift; sourceTree = "<group>"; };
		7EBE01CC2984D32100E8F158 /* PokeRepository.swift */ = {isa = PBXFileReference; lastKnownFileType = sourcecode.swift; path = PokeRepository.swift; sourceTree = "<group>"; };
		7EBE01CE2984D32C00E8F158 /* TypeRepository.swift */ = {isa = PBXFileReference; lastKnownFileType = sourcecode.swift; path = TypeRepository.swift; sourceTree = "<group>"; };
		7EF48B562984FEAF002D2FEA /* TypeImageRepository.swift */ = {isa = PBXFileReference; lastKnownFileType = sourcecode.swift; path = TypeImageRepository.swift; sourceTree = "<group>"; };
		7EF48B5829855242002D2FEA /* UITextField+addPadding.swift */ = {isa = PBXFileReference; lastKnownFileType = sourcecode.swift; path = "UITextField+addPadding.swift"; sourceTree = "<group>"; };
		7EF48B5B29855727002D2FEA /* TabBarViewController.swift */ = {isa = PBXFileReference; lastKnownFileType = sourcecode.swift; path = TabBarViewController.swift; sourceTree = "<group>"; };
		7EF48B5F29860ABA002D2FEA /* FloatTextField.swift */ = {isa = PBXFileReference; lastKnownFileType = sourcecode.swift; path = FloatTextField.swift; sourceTree = "<group>"; };
/* End PBXFileReference section */

/* Begin PBXFrameworksBuildPhase section */
		7E65104429815C1E00854B29 /* Frameworks */ = {
			isa = PBXFrameworksBuildPhase;
			buildActionMask = 2147483647;
			files = (
				7E65106029815D6D00854B29 /* SnapKit in Frameworks */,
			);
			runOnlyForDeploymentPostprocessing = 0;
		};
/* End PBXFrameworksBuildPhase section */

/* Begin PBXGroup section */
		7E049F1029893C5C006E5B07 /* favorite */ = {
			isa = PBXGroup;
			children = (
				7E049F1129893C6B006E5B07 /* FavoriteViewModel.swift */,
			);
			path = favorite;
			sourceTree = "<group>";
		};
		7E049F16298A8F31006E5B07 /* list */ = {
			isa = PBXGroup;
			children = (
				7E049F17298A8F39006E5B07 /* ListViewModel.swift */,
			);
			path = list;
			sourceTree = "<group>";
		};
		7E65103E29815C1E00854B29 = {
			isa = PBXGroup;
			children = (
				7E7EDB2A298164A300C342FC /* README.md */,
				7E65104929815C1E00854B29 /* pokeDex_clone */,
				7E65104829815C1E00854B29 /* Products */,
			);
			sourceTree = "<group>";
		};
		7E65104829815C1E00854B29 /* Products */ = {
			isa = PBXGroup;
			children = (
				7E65104729815C1E00854B29 /* pokeDex_clone.app */,
			);
			name = Products;
			sourceTree = "<group>";
		};
		7E65104929815C1E00854B29 /* pokeDex_clone */ = {
			isa = PBXGroup;
			children = (
				7EBE01B1298416E600E8F158 /* pre */,
				7E65106B29815EE700854B29 /* common */,
				7E65106929815E8D00854B29 /* viewModel */,
				7E65106729815DF500854B29 /* model */,
				7E65106329815D9500854B29 /* view */,
				7E65104A29815C1E00854B29 /* AppDelegate.swift */,
				7EA3D70D2984E48B00FB6AAA /* SceneDelegate.swift */,
				7E65105329815C1F00854B29 /* Assets.xcassets */,
				7E65105529815C1F00854B29 /* LaunchScreen.storyboard */,
				7E65105829815C1F00854B29 /* Info.plist */,
			);
			path = pokeDex_clone;
			sourceTree = "<group>";
		};
		7E65106329815D9500854B29 /* view */ = {
			isa = PBXGroup;
			children = (
				7E7364C529866B970007327D /* favorite */,
				7E7364BD298662EC0007327D /* detail */,
				7E7364BC298662CA0007327D /* list */,
				7EF48B5A298556FA002D2FEA /* navigation */,
				7E65106C29815F0700854B29 /* main */,
				7E65106529815DCC00854B29 /* custom */,
			);
			path = view;
			sourceTree = "<group>";
		};
		7E65106429815DB500854B29 /* constant */ = {
			isa = PBXGroup;
			children = (
			);
			path = constant;
			sourceTree = "<group>";
		};
		7E65106529815DCC00854B29 /* custom */ = {
			isa = PBXGroup;
			children = (
				7EF48B5F29860ABA002D2FEA /* FloatTextField.swift */,
				7E049F1B298A921A006E5B07 /* FavoriteTableViewCell.swift */,
				7E049F1D298BE254006E5B07 /* ListCollectionViewCell.swift */,
				7E049F21298FA216006E5B07 /* ColorSet.swift */,
			);
			path = custom;
			sourceTree = "<group>";
		};
		7E65106629815DDE00854B29 /* extension */ = {
			isa = PBXGroup;
			children = (
				7EF48B5829855242002D2FEA /* UITextField+addPadding.swift */,
			);
			path = extension;
			sourceTree = "<group>";
		};
		7E65106729815DF500854B29 /* model */ = {
			isa = PBXGroup;
			children = (
				7EBE01C92984CD6D00E8F158 /* repository */,
				7EBE01C82984CD6200E8F158 /* entity */,
			);
			path = model;
			sourceTree = "<group>";
		};
		7E65106829815E0900854B29 /* utils */ = {
			isa = PBXGroup;
			children = (
				7E65106D29815F4C00854B29 /* Services.swift */,
			);
			path = utils;
			sourceTree = "<group>";
		};
		7E65106929815E8D00854B29 /* viewModel */ = {
			isa = PBXGroup;
			children = (
				7E049F16298A8F31006E5B07 /* list */,
				7E049F1029893C5C006E5B07 /* favorite */,
			);
			path = viewModel;
			sourceTree = "<group>";
		};
		7E65106B29815EE700854B29 /* common */ = {
			isa = PBXGroup;
			children = (
				7E65106629815DDE00854B29 /* extension */,
				7E65106429815DB500854B29 /* constant */,
				7E65106829815E0900854B29 /* utils */,
			);
			path = common;
			sourceTree = "<group>";
		};
		7E65106C29815F0700854B29 /* main */ = {
			isa = PBXGroup;
			children = (
				7E65104E29815C1E00854B29 /* MainViewController.swift */,
			);
			path = main;
			sourceTree = "<group>";
		};
		7E7364BC298662CA0007327D /* list */ = {
			isa = PBXGroup;
			children = (
				7E049F19298A8FA6006E5B07 /* ListViewController.swift */,
			);
			path = list;
			sourceTree = "<group>";
		};
		7E7364BD298662EC0007327D /* detail */ = {
			isa = PBXGroup;
			children = (
				7E049F1F298F7624006E5B07 /* DetailViewController.swift */,
			);
			path = detail;
			sourceTree = "<group>";
		};
		7E7364C529866B970007327D /* favorite */ = {
			isa = PBXGroup;
			children = (
				7E7364C629866BAE0007327D /* FavoriteViewController.swift */,
			);
			path = favorite;
			sourceTree = "<group>";
		};
		7EBE01B1298416E600E8F158 /* pre */ = {
			isa = PBXGroup;
			children = (
				7EBE01B82984C1E400E8F158 /* evo.json */,
				7EBE01B92984C1E400E8F158 /* pokeUp.json */,
				7EBE01B72984C1E400E8F158 /* typeImge.json */,
				7EBE01B52984B8F900E8F158 /* type.json */,
				7EBE01B32984190700E8F158 /* list.json */,
			);
			path = pre;
			sourceTree = "<group>";
		};
		7EBE01C82984CD6200E8F158 /* entity */ = {
			isa = PBXGroup;
			children = (
				7E7EDB2B2981656B00C342FC /* PokeEntity.swift */,
				7EBE01C12984CBE700E8F158 /* TypeEntity.swift */,
				7EBE01C32984CCB300E8F158 /* TypeImagegeEntity.swift */,
			);
			path = entity;
			sourceTree = "<group>";
		};
		7EBE01C92984CD6D00E8F158 /* repository */ = {
			isa = PBXGroup;
			children = (
				7EBE01CA2984CDEB00E8F158 /* Context.swift */,
				7EBE01CC2984D32100E8F158 /* PokeRepository.swift */,
				7EBE01CE2984D32C00E8F158 /* TypeRepository.swift */,
				7EF48B562984FEAF002D2FEA /* TypeImageRepository.swift */,
			);
			path = repository;
			sourceTree = "<group>";
		};
		7EF48B5A298556FA002D2FEA /* navigation */ = {
			isa = PBXGroup;
			children = (
				7EF48B5B29855727002D2FEA /* TabBarViewController.swift */,
				7E7364C0298666180007327D /* NavigationViewController.swift */,
			);
			path = navigation;
			sourceTree = "<group>";
		};
/* End PBXGroup section */

/* Begin PBXNativeTarget section */
		7E65104629815C1E00854B29 /* pokeDex_clone */ = {
			isa = PBXNativeTarget;
			buildConfigurationList = 7E65105B29815C1F00854B29 /* Build configuration list for PBXNativeTarget "pokeDex_clone" */;
			buildPhases = (
				7E65104329815C1E00854B29 /* Sources */,
				7E65104429815C1E00854B29 /* Frameworks */,
				7E65104529815C1E00854B29 /* Resources */,
			);
			buildRules = (
			);
			dependencies = (
			);
			name = pokeDex_clone;
			packageProductDependencies = (
				7E65105F29815D6D00854B29 /* SnapKit */,
			);
			productName = "pokéDex_clone";
			productReference = 7E65104729815C1E00854B29 /* pokeDex_clone.app */;
			productType = "com.apple.product-type.application";
		};
/* End PBXNativeTarget section */

/* Begin PBXProject section */
		7E65103F29815C1E00854B29 /* Project object */ = {
			isa = PBXProject;
			attributes = {
				BuildIndependentTargetsInParallel = 1;
				LastSwiftUpdateCheck = 1420;
				LastUpgradeCheck = 1420;
				TargetAttributes = {
					7E65104629815C1E00854B29 = {
						CreatedOnToolsVersion = 14.2;
					};
				};
			};
			buildConfigurationList = 7E65104229815C1E00854B29 /* Build configuration list for PBXProject "pokeDex_clone" */;
			compatibilityVersion = "Xcode 14.0";
			developmentRegion = en;
			hasScannedForEncodings = 0;
			knownRegions = (
				en,
				Base,
			);
			mainGroup = 7E65103E29815C1E00854B29;
			packageReferences = (
				7E65105E29815D6D00854B29 /* XCRemoteSwiftPackageReference "SnapKit" */,
			);
			productRefGroup = 7E65104829815C1E00854B29 /* Products */;
			projectDirPath = "";
			projectRoot = "";
			targets = (
				7E65104629815C1E00854B29 /* pokeDex_clone */,
			);
		};
/* End PBXProject section */

/* Begin PBXResourcesBuildPhase section */
		7E65104529815C1E00854B29 /* Resources */ = {
			isa = PBXResourcesBuildPhase;
			buildActionMask = 2147483647;
			files = (
				7E65105729815C1F00854B29 /* LaunchScreen.storyboard in Resources */,
				7EBE01BC2984C1E400E8F158 /* typeImge.json in Resources */,
				7EBE01B42984190700E8F158 /* list.json in Resources */,
				7EBE01B62984B8F900E8F158 /* type.json in Resources */,
				7EBE01BD2984C1E400E8F158 /* evo.json in Resources */,
				7E65105429815C1F00854B29 /* Assets.xcassets in Resources */,
				7EBE01BE2984C1E400E8F158 /* pokeUp.json in Resources */,
			);
			runOnlyForDeploymentPostprocessing = 0;
		};
/* End PBXResourcesBuildPhase section */

/* Begin PBXSourcesBuildPhase section */
		7E65104329815C1E00854B29 /* Sources */ = {
			isa = PBXSourcesBuildPhase;
			buildActionMask = 2147483647;
			files = (
				7E049F1229893C6B006E5B07 /* FavoriteViewModel.swift in Sources */,
				7EF48B572984FEAF002D2FEA /* TypeImageRepository.swift in Sources */,
				7E049F22298FA216006E5B07 /* ColorSet.swift in Sources */,
				7EF48B5C29855727002D2FEA /* TabBarViewController.swift in Sources */,
				7EF48B6029860ABA002D2FEA /* FloatTextField.swift in Sources */,
				7E7364C1298666180007327D /* NavigationViewController.swift in Sources */,
				7EF48B5929855242002D2FEA /* UITextField+addPadding.swift in Sources */,
				7E65104F29815C1E00854B29 /* MainViewController.swift in Sources */,
				7EBE01CB2984CDEB00E8F158 /* Context.swift in Sources */,
				7E049F1A298A8FA6006E5B07 /* ListViewController.swift in Sources */,
				7E049F1C298A921A006E5B07 /* FavoriteTableViewCell.swift in Sources */,
				7E7EDB2C2981656B00C342FC /* PokeEntity.swift in Sources */,
				7E049F20298F7624006E5B07 /* DetailViewController.swift in Sources */,
				7EBE01CF2984D32C00E8F158 /* TypeRepository.swift in Sources */,
				7E65106E29815F4C00854B29 /* Services.swift in Sources */,
				7EA3D70E2984E48C00FB6AAA /* SceneDelegate.swift in Sources */,
				7E65104B29815C1E00854B29 /* AppDelegate.swift in Sources */,
				7E049F1E298BE254006E5B07 /* ListCollectionViewCell.swift in Sources */,
				7E7364C729866BAE0007327D /* FavoriteViewController.swift in Sources */,
				7E049F18298A8F39006E5B07 /* ListViewModel.swift in Sources */,
				7EBE01CD2984D32100E8F158 /* PokeRepository.swift in Sources */,
				7EBE01C42984CCB300E8F158 /* TypeImagegeEntity.swift in Sources */,
				7EBE01C22984CBE700E8F158 /* TypeEntity.swift in Sources */,
			);
			runOnlyForDeploymentPostprocessing = 0;
		};
/* End PBXSourcesBuildPhase section */

/* Begin PBXVariantGroup section */
		7E65105529815C1F00854B29 /* LaunchScreen.storyboard */ = {
			isa = PBXVariantGroup;
			children = (
				7E65105629815C1F00854B29 /* Base */,
			);
			name = LaunchScreen.storyboard;
			sourceTree = "<group>";
		};
/* End PBXVariantGroup section */

/* Begin XCBuildConfiguration section */
		7E65105929815C1F00854B29 /* Debug */ = {
			isa = XCBuildConfiguration;
			buildSettings = {
				ALWAYS_SEARCH_USER_PATHS = NO;
				CLANG_ANALYZER_NONNULL = YES;
				CLANG_ANALYZER_NUMBER_OBJECT_CONVERSION = YES_AGGRESSIVE;
				CLANG_CXX_LANGUAGE_STANDARD = "gnu++20";
				CLANG_ENABLE_MODULES = YES;
				CLANG_ENABLE_OBJC_ARC = YES;
				CLANG_ENABLE_OBJC_WEAK = YES;
				CLANG_WARN_BLOCK_CAPTURE_AUTORELEASING = YES;
				CLANG_WARN_BOOL_CONVERSION = YES;
				CLANG_WARN_COMMA = YES;
				CLANG_WARN_CONSTANT_CONVERSION = YES;
				CLANG_WARN_DEPRECATED_OBJC_IMPLEMENTATIONS = YES;
				CLANG_WARN_DIRECT_OBJC_ISA_USAGE = YES_ERROR;
				CLANG_WARN_DOCUMENTATION_COMMENTS = YES;
				CLANG_WARN_EMPTY_BODY = YES;
				CLANG_WARN_ENUM_CONVERSION = YES;
				CLANG_WARN_INFINITE_RECURSION = YES;
				CLANG_WARN_INT_CONVERSION = YES;
				CLANG_WARN_NON_LITERAL_NULL_CONVERSION = YES;
				CLANG_WARN_OBJC_IMPLICIT_RETAIN_SELF = YES;
				CLANG_WARN_OBJC_LITERAL_CONVERSION = YES;
				CLANG_WARN_OBJC_ROOT_CLASS = YES_ERROR;
				CLANG_WARN_QUOTED_INCLUDE_IN_FRAMEWORK_HEADER = YES;
				CLANG_WARN_RANGE_LOOP_ANALYSIS = YES;
				CLANG_WARN_STRICT_PROTOTYPES = YES;
				CLANG_WARN_SUSPICIOUS_MOVE = YES;
				CLANG_WARN_UNGUARDED_AVAILABILITY = YES_AGGRESSIVE;
				CLANG_WARN_UNREACHABLE_CODE = YES;
				CLANG_WARN__DUPLICATE_METHOD_MATCH = YES;
				COPY_PHASE_STRIP = NO;
				DEBUG_INFORMATION_FORMAT = dwarf;
				ENABLE_STRICT_OBJC_MSGSEND = YES;
				ENABLE_TESTABILITY = YES;
				GCC_C_LANGUAGE_STANDARD = gnu11;
				GCC_DYNAMIC_NO_PIC = NO;
				GCC_NO_COMMON_BLOCKS = YES;
				GCC_OPTIMIZATION_LEVEL = 0;
				GCC_PREPROCESSOR_DEFINITIONS = (
					"DEBUG=1",
					"$(inherited)",
				);
				GCC_WARN_64_TO_32_BIT_CONVERSION = YES;
				GCC_WARN_ABOUT_RETURN_TYPE = YES_ERROR;
				GCC_WARN_UNDECLARED_SELECTOR = YES;
				GCC_WARN_UNINITIALIZED_AUTOS = YES_AGGRESSIVE;
				GCC_WARN_UNUSED_FUNCTION = YES;
				GCC_WARN_UNUSED_VARIABLE = YES;
				IPHONEOS_DEPLOYMENT_TARGET = 12.0;
				MTL_ENABLE_DEBUG_INFO = INCLUDE_SOURCE;
				MTL_FAST_MATH = YES;
				ONLY_ACTIVE_ARCH = YES;
				SDKROOT = iphoneos;
				SWIFT_ACTIVE_COMPILATION_CONDITIONS = DEBUG;
				SWIFT_OPTIMIZATION_LEVEL = "-Onone";
			};
			name = Debug;
		};
		7E65105A29815C1F00854B29 /* Release */ = {
			isa = XCBuildConfiguration;
			buildSettings = {
				ALWAYS_SEARCH_USER_PATHS = NO;
				CLANG_ANALYZER_NONNULL = YES;
				CLANG_ANALYZER_NUMBER_OBJECT_CONVERSION = YES_AGGRESSIVE;
				CLANG_CXX_LANGUAGE_STANDARD = "gnu++20";
				CLANG_ENABLE_MODULES = YES;
				CLANG_ENABLE_OBJC_ARC = YES;
				CLANG_ENABLE_OBJC_WEAK = YES;
				CLANG_WARN_BLOCK_CAPTURE_AUTORELEASING = YES;
				CLANG_WARN_BOOL_CONVERSION = YES;
				CLANG_WARN_COMMA = YES;
				CLANG_WARN_CONSTANT_CONVERSION = YES;
				CLANG_WARN_DEPRECATED_OBJC_IMPLEMENTATIONS = YES;
				CLANG_WARN_DIRECT_OBJC_ISA_USAGE = YES_ERROR;
				CLANG_WARN_DOCUMENTATION_COMMENTS = YES;
				CLANG_WARN_EMPTY_BODY = YES;
				CLANG_WARN_ENUM_CONVERSION = YES;
				CLANG_WARN_INFINITE_RECURSION = YES;
				CLANG_WARN_INT_CONVERSION = YES;
				CLANG_WARN_NON_LITERAL_NULL_CONVERSION = YES;
				CLANG_WARN_OBJC_IMPLICIT_RETAIN_SELF = YES;
				CLANG_WARN_OBJC_LITERAL_CONVERSION = YES;
				CLANG_WARN_OBJC_ROOT_CLASS = YES_ERROR;
				CLANG_WARN_QUOTED_INCLUDE_IN_FRAMEWORK_HEADER = YES;
				CLANG_WARN_RANGE_LOOP_ANALYSIS = YES;
				CLANG_WARN_STRICT_PROTOTYPES = YES;
				CLANG_WARN_SUSPICIOUS_MOVE = YES;
				CLANG_WARN_UNGUARDED_AVAILABILITY = YES_AGGRESSIVE;
				CLANG_WARN_UNREACHABLE_CODE = YES;
				CLANG_WARN__DUPLICATE_METHOD_MATCH = YES;
				COPY_PHASE_STRIP = NO;
				DEBUG_INFORMATION_FORMAT = "dwarf-with-dsym";
				ENABLE_NS_ASSERTIONS = NO;
				ENABLE_STRICT_OBJC_MSGSEND = YES;
				GCC_C_LANGUAGE_STANDARD = gnu11;
				GCC_NO_COMMON_BLOCKS = YES;
				GCC_WARN_64_TO_32_BIT_CONVERSION = YES;
				GCC_WARN_ABOUT_RETURN_TYPE = YES_ERROR;
				GCC_WARN_UNDECLARED_SELECTOR = YES;
				GCC_WARN_UNINITIALIZED_AUTOS = YES_AGGRESSIVE;
				GCC_WARN_UNUSED_FUNCTION = YES;
				GCC_WARN_UNUSED_VARIABLE = YES;
				IPHONEOS_DEPLOYMENT_TARGET = 12.0;
				MTL_ENABLE_DEBUG_INFO = NO;
				MTL_FAST_MATH = YES;
				SDKROOT = iphoneos;
				SWIFT_COMPILATION_MODE = wholemodule;
				SWIFT_OPTIMIZATION_LEVEL = "-O";
				VALIDATE_PRODUCT = YES;
			};
			name = Release;
		};
		7E65105C29815C1F00854B29 /* Debug */ = {
			isa = XCBuildConfiguration;
			buildSettings = {
				ASSETCATALOG_COMPILER_APPICON_NAME = AppIcon;
				ASSETCATALOG_COMPILER_GLOBAL_ACCENT_COLOR_NAME = AccentColor;
				CODE_SIGN_STYLE = Automatic;
				CURRENT_PROJECT_VERSION = 1;
				DEVELOPMENT_TEAM = NL7TARX6W5;
				GENERATE_INFOPLIST_FILE = YES;
				INFOPLIST_FILE = pokeDex_clone/Info.plist;
				INFOPLIST_KEY_UIApplicationSupportsIndirectInputEvents = YES;
				INFOPLIST_KEY_UILaunchStoryboardName = LaunchScreen;
				INFOPLIST_KEY_UISupportedInterfaceOrientations = UIInterfaceOrientationPortrait;
				IPHONEOS_DEPLOYMENT_TARGET = 13.0;
				LD_RUNPATH_SEARCH_PATHS = (
					"$(inherited)",
					"@executable_path/Frameworks",
				);
				MARKETING_VERSION = 1.0;
				PRODUCT_BUNDLE_IDENTIFIER = "com.newkayak12.poke-Dex-clone";
				PRODUCT_NAME = "$(TARGET_NAME)";
				SUPPORTED_PLATFORMS = "iphoneos iphonesimulator";
				SUPPORTS_MACCATALYST = NO;
				SUPPORTS_MAC_DESIGNED_FOR_IPHONE_IPAD = NO;
				SWIFT_EMIT_LOC_STRINGS = YES;
				SWIFT_VERSION = 5.0;
				TARGETED_DEVICE_FAMILY = 1;
			};
			name = Debug;
		};
		7E65105D29815C1F00854B29 /* Release */ = {
			isa = XCBuildConfiguration;
			buildSettings = {
				ASSETCATALOG_COMPILER_APPICON_NAME = AppIcon;
				ASSETCATALOG_COMPILER_GLOBAL_ACCENT_COLOR_NAME = AccentColor;
				CODE_SIGN_STYLE = Automatic;
				CURRENT_PROJECT_VERSION = 1;
				DEVELOPMENT_TEAM = NL7TARX6W5;
				GENERATE_INFOPLIST_FILE = YES;
				INFOPLIST_FILE = pokeDex_clone/Info.plist;
				INFOPLIST_KEY_UIApplicationSupportsIndirectInputEvents = YES;
				INFOPLIST_KEY_UILaunchStoryboardName = LaunchScreen;
				INFOPLIST_KEY_UISupportedInterfaceOrientations = UIInterfaceOrientationPortrait;
				IPHONEOS_DEPLOYMENT_TARGET = 13.0;
				LD_RUNPATH_SEARCH_PATHS = (
					"$(inherited)",
					"@executable_path/Frameworks",
				);
				MARKETING_VERSION = 1.0;
				PRODUCT_BUNDLE_IDENTIFIER = "com.newkayak12.poke-Dex-clone";
				PRODUCT_NAME = "$(TARGET_NAME)";
				SUPPORTED_PLATFORMS = "iphoneos iphonesimulator";
				SUPPORTS_MACCATALYST = NO;
				SUPPORTS_MAC_DESIGNED_FOR_IPHONE_IPAD = NO;
				SWIFT_EMIT_LOC_STRINGS = YES;
				SWIFT_VERSION = 5.0;
				TARGETED_DEVICE_FAMILY = 1;
			};
			name = Release;
		};
/* End XCBuildConfiguration section */

/* Begin XCConfigurationList section */
		7E65104229815C1E00854B29 /* Build configuration list for PBXProject "pokeDex_clone" */ = {
			isa = XCConfigurationList;
			buildConfigurations = (
				7E65105929815C1F00854B29 /* Debug */,
				7E65105A29815C1F00854B29 /* Release */,
			);
			defaultConfigurationIsVisible = 0;
			defaultConfigurationName = Release;
		};
		7E65105B29815C1F00854B29 /* Build configuration list for PBXNativeTarget "pokeDex_clone" */ = {
			isa = XCConfigurationList;
			buildConfigurations = (
				7E65105C29815C1F00854B29 /* Debug */,
				7E65105D29815C1F00854B29 /* Release */,
			);
			defaultConfigurationIsVisible = 0;
			defaultConfigurationName = Release;
		};
/* End XCConfigurationList section */

/* Begin XCRemoteSwiftPackageReference section */
		7E65105E29815D6D00854B29 /* XCRemoteSwiftPackageReference "SnapKit" */ = {
			isa = XCRemoteSwiftPackageReference;
			repositoryURL = "https://github.com/SnapKit/SnapKit";
			requirement = {
				kind = upToNextMajorVersion;
				minimumVersion = 5.0.0;
			};
		};
/* End XCRemoteSwiftPackageReference section */

/* Begin XCSwiftPackageProductDependency section */
		7E65105F29815D6D00854B29 /* SnapKit */ = {
			isa = XCSwiftPackageProductDependency;
			package = 7E65105E29815D6D00854B29 /* XCRemoteSwiftPackageReference "SnapKit" */;
			productName = SnapKit;
		};
/* End XCSwiftPackageProductDependency section */
	};
	rootObject = 7E65103F29815C1E00854B29 /* Project object */;
}
